
Microsoft Visual Studio Solution File, Format Version 12.00
# Visual Studio Version 16
VisualStudioVersion = 16.0.31729.503
MinimumVisualStudioVersion = 10.0.40219.1
Project("{FAE04EC0-301F-11D3-BF4B-00C04F79EFBC}") = "Homeworkstuffs", "Homeworkstuffs\Homeworkstuffs.csproj", "{C7DEAD56-A97A-421B-B54A-DB71E23D6CB5}"
EndProject
Global
	GlobalSection(SolutionConfigurationPlatforms) = preSolution
		Debug|Any CPU = Debug|Any CPU
		Release|Any CPU = Release|Any CPU
	EndGlobalSection
	GlobalSection(ProjectConfigurationPlatforms) = postSolution
		{C7DEAD56-A97A-421B-B54A-DB71E23D6CB5}.Debug|Any CPU.ActiveCfg = Debug|Any CPU
		{C7DEAD56-A97A-421B-B54A-DB71E23D6CB5}.Debug|Any CPU.Build.0 = Debug|Any CPU
		{C7DEAD56-A97A-421B-B54A-DB71E23D6CB5}.Release|Any CPU.ActiveCfg = Release|Any CPU
		{C7DEAD56-A97A-421B-B54A-DB71E23D6CB5}.Release|Any CPU.Build.0 = Release|Any CPU
	EndGlobalSection
	GlobalSection(SolutionProperties) = preSolution
		HideSolutionNode = FALSE
	EndGlobalSection
	GlobalSection(ExtensibilityGlobals) = postSolution
		SolutionGuid = {B27D1E8E-C1C9-4059-860B-C63D6F375C34}
	EndGlobalSection
EndGlobal
